<?xml version="1.0" encoding="utf-8"?>
<Project ToolsVersion="4.0" xmlns="http://schemas.microsoft.com/developer/msbuild/2003">
  <ItemGroup>
    <Filter Include="Pliki źródłowe">
      <UniqueIdentifier>{4FC737F1-C7A5-4376-A066-2A32D752A2FF}</UniqueIdentifier>
      <Extensions>cpp;c;cc;cxx;c++;cppm;ixx;def;odl;idl;hpj;bat;asm;asmx</Extensions>
    </Filter>
    <Filter Include="Pliki nagłówkowe">
      <UniqueIdentifier>{93995380-89BD-4b04-88EB-625FBE52EBFB}</UniqueIdentifier>
      <Extensions>h;hh;hpp;hxx;h++;hm;inl;inc;ipp;xsd</Extensions>
    </Filter>
    <Filter Include="Pliki zasobów">
      <UniqueIdentifier>{67DA6AB6-F800-4c08-8B7A-83BB121AAD01}</UniqueIdentifier>
      <Extensions>rc;ico;cur;bmp;dlg;rc2;rct;bin;rgs;gif;jpg;jpeg;jpe;resx;tiff;tif;png;wav;mfcribbon-ms</Extensions>
    </Filter>
    <Filter Include="Pliki źródłowe\imgui">
      <UniqueIdentifier>{05194031-c4cc-4e07-937b-a18b6be28a34}</UniqueIdentifier>
    </Filter>
    <Filter Include="Pliki nagłówkowe\imgui">
      <UniqueIdentifier>{8acbf2dd-bd78-4ae9-96de-96b7f9597cde}</UniqueIdentifier>
    </Filter>
  </ItemGroup>
  <ItemGroup>
    <ClCompile Include="main.cpp">
      <Filter>Pliki źródłowe</Filter>
    </ClCompile>
    <ClCompile Include="Libraries\imgui-1.89.3\imgui_widgets.cpp">
      <Filter>Pliki źródłowe\imgui</Filter>
    </ClCompile>
    <ClCompile Include="Libraries\imgui-1.89.3\imgui.cpp">
      <Filter>Pliki źródłowe\imgui</Filter>
    </ClCompile>
    <ClCompile Include="Libraries\imgui-1.89.3\imgui_demo.cpp">
      <Filter>Pliki źródłowe\imgui</Filter>
    </ClCompile>
    <ClCompile Include="Libraries\imgui-1.89.3\imgui_draw.cpp">
      <Filter>Pliki źródłowe\imgui</Filter>
    </ClCompile>
    <ClCompile Include="Libraries\imgui-1.89.3\imgui_impl_sdl2.cpp">
      <Filter>Pliki źródłowe\imgui</Filter>
    </ClCompile>
    <ClCompile Include="Libraries\imgui-1.89.3\imgui_tables.cpp">
      <Filter>Pliki źródłowe\imgui</Filter>
    </ClCompile>
    <ClCompile Include="Game.cpp">
      <Filter>Pliki źródłowe</Filter>
    </ClCompile>
    <ClCompile Include="Libraries\imgui-1.89.3\imgui_impl_sdlrenderer.cpp">
      <Filter>Pliki źródłowe\imgui</Filter>
    </ClCompile>
    <ClCompile Include="Renderer.cpp">
      <Filter>Pliki źródłowe</Filter>
    </ClCompile>
    <ClCompile Include="guiHandler.cpp">
      <Filter>Pliki źródłowe</Filter>
    </ClCompile>
    <ClCompile Include="Draw.cpp">
      <Filter>Pliki źródłowe</Filter>
    </ClCompile>
    <ClCompile Include="menuClass.cpp">
      <Filter>Pliki źródłowe</Filter>
    </ClCompile>
    <ClCompile Include="Level.cpp">
      <Filter>Pliki źródłowe</Filter>
    </ClCompile>
    <ClCompile Include="Entity.cpp">
      <Filter>Pliki źródłowe</Filter>
    </ClCompile>
  </ItemGroup>
  <ItemGroup>
    <ClInclude Include="Libraries\imgui-1.89.3\imstb_textedit.h">
      <Filter>Pliki nagłówkowe\imgui</Filter>
    </ClInclude>
    <ClInclude Include="Libraries\imgui-1.89.3\imstb_truetype.h">
      <Filter>Pliki nagłówkowe\imgui</Filter>
    </ClInclude>
    <ClInclude Include="Libraries\imgui-1.89.3\imconfig.h">
      <Filter>Pliki nagłówkowe\imgui</Filter>
    </ClInclude>
    <ClInclude Include="Libraries\imgui-1.89.3\imgui.h">
      <Filter>Pliki nagłówkowe\imgui</Filter>
    </ClInclude>
    <ClInclude Include="Libraries\imgui-1.89.3\imgui_impl_sdl2.h">
      <Filter>Pliki nagłówkowe\imgui</Filter>
    </ClInclude>
    <ClInclude Include="Libraries\imgui-1.89.3\imgui_internal.h">
      <Filter>Pliki nagłówkowe\imgui</Filter>
    </ClInclude>
    <ClInclude Include="Libraries\imgui-1.89.3\imstb_rectpack.h">
      <Filter>Pliki nagłówkowe\imgui</Filter>
    </ClInclude>
    <ClInclude Include="Game.h">
      <Filter>Pliki nagłówkowe</Filter>
    </ClInclude>
    <ClInclude Include="Libraries\imgui-1.89.3\imgui_impl_sdlrenderer.h">
      <Filter>Pliki nagłówkowe\imgui</Filter>
    </ClInclude>
    <ClInclude Include="Renderer.h">
      <Filter>Pliki nagłówkowe</Filter>
    </ClInclude>
    <ClInclude Include="guiHandler.h">
      <Filter>Pliki nagłówkowe</Filter>
    </ClInclude>
    <ClInclude Include="Draw.h">
      <Filter>Pliki nagłówkowe</Filter>
    </ClInclude>
    <ClInclude Include="menuClass.h">
      <Filter>Pliki nagłówkowe</Filter>
    </ClInclude>
    <ClInclude Include="Level.h">
      <Filter>Pliki nagłówkowe</Filter>
    </ClInclude>
    <ClInclude Include="Entity.h">
      <Filter>Pliki nagłówkowe</Filter>
    </ClInclude>
  </ItemGroup>
</Project>